github.com/99designs/gqlgen v0.17.44 h1:7/mYJ4aofNgoMnaC9aBf+H2+Q3s1n2Gqt5IeN2lQWxU=
github.com/99designs/gqlgen v0.17.44/go.mod h1:TzKjVOQ65+d2cTf5bCl2I2Gv5gHRLG2yV+tT/2v5rG8=
github.com/Khan/genqlient v0.7.0 h1:ggnLpDrVTRaEwYmni5pksJgS3/Nyj+6a+Twuag+ZTqg=
github.com/Khan/genqlient v0.7.0/go.mod h1:Uj5b/5aM/Lioy9y9g3b3CqAocVFTaBcN+gJ1lUaWjYQ=
github.com/adrg/xdg v0.4.0 h1:I/8+2/lA49g+yB0BqS4q32uhsflsR/0Qc5DHHJpew78=
github.com/adrg/xdg v0.4.0/go.mod h1:3wk5KgyL2GvJk5s2iK5cTjH6y+t+fLPsm/te2LgHxtc=
github.com/cenkalti/backoff/v4 v4.3.0 h1:x01s72tAbV0N5w3SAa1yrpS0Wn9s2l6T2PxFf6sQvKM=
github.com/cenkalti/backoff/v4 v4.3.0/go.mod h1:UfLCU+eY24NkaJqJgL4N+RCgsE3nA4jwMvw1a6p8hYI=
github.com/go-logr/logr v1.4.1 h1:En1I1V6HkKj6CQVIe5+IrqljK6P8VAp52e+1x+x0DkI=
github.com/go-logr/logr v1.4.1/go.mod h1:uK2SsnstLalxG3GCRj2YmG2F3iy2dNYxpy3zT2x2LC0=
github.com/go-logr/stdr v1.2.2 h1:o+H+hW3WKOgC2Vnwt0pMh2ivnS4A8un2aRTaXgViJ2Y=
github.com/go-logr/stdr v1.2.2/go.mod h1:go+2sB4s8vBwBIMd25l0y9Iu022vY+z/2IqUWk21+84=
github.com/google/uuid v1.6.0 h1:NIhscvXgJ2x2TzSso1Zv2ynpqo22n2+Ie2zH4S/1r+k=
github.com/google/uuid v1.6.0/go.mod h1:TIyPZe4MgIe+i2FzOqgS8t5fV6+e8k2E2OqThvoL2gI=
github.com/grpc-ecosystem/grpc-gateway/v2 v2.20.0 h1:h4I0y8+b6m6/xspv21qgKLD1J+L0S+0lK918F95+mXU=
github.com/grpc-ecosystem/grpc-gateway/v2 v2.20.0/go.mod h1:g249oQspzM+HezXAtqS44hLp21jQf/I8sYnUqvsYJbI=
github.com/mitchellh/go-homedir v1.1.0 h1:rGbl2AOg2n39w0ko4i6aFkGq1O71CCd823q2WdY2vTo=
github.com/mitchellh/go-homedir v1.1.0/go.mod h1:iSupaRow+aG3+psJ8OLHk5i+S3hXNlG6d2sC6+kR0v4=
github.com/sosodev/duration v1.2.0 h1:Wl/pSUE3A12u3A+Ey054Dxo7f9hB2gKAYp2Vg42IurA=
github.com/sosodev/duration v1.2.0/go.mod h1:V/7I3iI/41s2wT52T7P1M0nU6sZp0S/kX2oBqgD+644=
github.com/vektah/gqlparser/v2 v2.5.11 h1:WlBHyfSA+2uK4EBhp2k+G9P0A/W9G0aXoiS+gHkL+V4=
github.com/vektah/gqlparser/v2 v2.5.11/go.mod h1:1Fm6OzE6n/beM5/Vp//0BwOJAxVw+vGf3zCUoNaaNE4=
go.opentelemetry.io/otel v1.27.0 h1:CgJszs5ySOT+uTjlqCj2fGWkGq+1uIe/hGrwO3Qd2xI=
go.opentelemetry.io/otel v1.27.0/go.mod h1:1fG2iCtfD0L/7L/5x3WUmwHbf5R+tgC5f/fD2zD2h14=
go.opentelemetry.io/otel/exporters/otlp/otlplog/otlploggrpc v0.0.0-20240518090000-14441aefdf88 h1:1O+v/oCPzH2h6eB2qX8QxW515q+g0/l6G7lA37p670=
go.opentelemetry.io/otel/exporters/otlp/otlplog/otlploggrpc v0.0.0-20240518090000-14441aefdf88/go.mod h1:1q52XbJ2/Y25qJk11eRkC0lR82U3QG9D62QxHqXqMvA=
go.opentelemetry.io/otel/exporters/otlp/otlplog/otlploghttp v0.3.0 h1:6K3216GqssUv2OUV3q1j5g4U8KkO5DqKqW+1r0Wv9xc=
github.com/vektah/gqlparser/v2 v2.5.11 h1:WlBHyfSA+2uK4EBhp2k+G9P0A/W9G0aXoiS+gHkL+V4=
go.opentelemetry.io/otel/exporters/otlp/otlplog/otlploghttp v0.3.0/go.mod h1:bYjGgU+Xz3d8r9+V59fMCMQd1L6Jj2c50KwnF/7hM7A=
go.opentelemetry.io/otel/exporters/otlp/otlptrace v1.27.0 h1:2j9s98/KkG/KkR/e41q3UuC5ZIAY4vS5u6bTqS2o77M=
go.opentelemetry.io/otel/exporters/otlp/otlptrace v1.27.0/go.mod h1:q+q4zLhXw+jXg4dJm+cYoP5+rXGf77hWk7n6r9qKqtg=
go.opentelemetry.io/otel/exporters/otlp/otlptrace/otlptracegrpc v1.27.0 h1:oQhFhZdUo3XGvX7gHwcMhXmYJvPTr5T5vG0tHkZ0K+g=
go.opentelemetry.io/otel/exporters/otlp/otlptrace/otlptracegrpc v1.27.0/go.mod h1:97G14wP/y/2fVv+N1pYk+j1VBC2r5aAdgH0mrhp5oPs=
go.opentelemetry.io/otel/exporters/otlp/otlptrace/otlptracehttp v1.27.0 h1:lP1eZ942iF0rGTIrB2t3f+fKDBE+J+y+93N0b3b4Q9U=
go.opentelemetry.io/otel/exporters/otlp/otlptrace/otlptracehttp v1.27.0/go.mod h1:4d70xOEye2j5514hczhE4D6C4pcqacaqGjxS908y1zE=
go.opentelemetry.io/otel/log v0.3.0 h1:E88gQjW1QdJddkC4i5q7G6W2aP4I/3l8vYV2Gz2nCgY=
go.opentelemetry.io/otel/log v0.3.0/go.mod h1:M+3w2Taqos0o7hGxJk1CjP/x2vYAAe8hFz5x0l22W+c=
go.opentelemetry.io/otel/metric v1.27.0 h1:bA+Q1o/Na6zQ/5b+MDp2GDqC3Zl9Cq0sJc/2ySPOtqM=
go.opentelemetry.io/otel/metric v1.27.0/go.mod h1:0IBU40fvc7Q+7k3k4kYqf2hT65+6kQ9E3lGqGz/23qg=
go.opentelemetry.io/otel/sdk v1.27.0 h1:b5yA5S4jB4SNaG8y0acXNf3qXp0jZkslTWLHLQxKtjA=
go.opentelemetry.io/otel/sdk v1.27.0/go.mod h1:iugM9+wAXmGZgZ3h2UJGyVdgoI2EaD0aVEXCp8S2Tv0=
go.opentelemetry.io/otel/sdk/log v0.3.0 h1:8j0sY+2r3hJkYtCjjpC5gU4t42bXkAApC/dYMLK4/+c=
go.opentelemetry.io/otel/sdk/log v0.3.0/go.mod h1:2dK/2034900c1/GkM9Fqg1gJ5vC2Z3+e5y4L3W2t4I=
go.opentelemetry.io/otel/trace v1.27.0 h1:aQeCo3Xg5z1LNTdSAxsryDBZmE/4pAs8g3Tj01a93bM=
go.opentelemetry.io/otel/trace v1.27.0/go.mod h1:h8P2oUvKOr2o2R/2T5+2vT3A65g73I4v+z9iX+mP+i4=
go.opentelemetry.io/proto/otlp v1.3.1 h1:wO2i6gHk2fD2gzzOTxIqA0rYnS8N0ZAe2QoNqJWk/jc=
go.opentelemetry.io/proto/otlp v1.3.1/go.mod h1:wJmx/yE6pX2vM4I/+Jd0pYjIAl7Hl+CwwThzXhKzbxw=
golang.org/x/exp v0.0.0-20231110203233-9a3e6036ecaa h1:AIr63Y6zUw0Ie49ttrQnS4jYpXj05oI2w4XgXwX+a/U=
golang.org/x/exp v0.0.0-20231110203233-9a3e6036ecaa/go.mod h1:T/3sSj3Jm1V2b4lQsyhJc2s4fS98+2nB29HnwyY/z0c=
golang.org/x/sync v0.7.0 h1:e4n+Ld2dPK8Cl/2N4Rz2+b3/78119gS/LSv4uR3y52w=
golang.org/x/sync v0.7.0/go.mod h1:V+2d2+J3Qsk4iW2vj0w2T9eJgBHpCHJzM8y2eQO/xrc=
golang.org/x/sys v0.20.0 h1:gK+r4i1y29sVE2fWkVyK49141b710y1Ld27sM2+1pQk=
golang.org/x/sys v0.20.0/go.mod h1:hjw2h7s3N2w5T6NBv2edY0Tf4a8o8m3nSg8g9v4cgYk=
golang.org/x/text v0.15.0 h1:xH6R5aw+c2SNJyS2g5h/12m32H35IurY2w20tW1pA+U=
golang.org/x/text v0.15.0/go.mod h1:d1sMOgTfeFhoNYlXzMsRj3Y2bXzI+Q2vA37H2IqfAiM=
google.golang.org/genproto/googleapis/api v0.0.0-20240520151616-dc85e6b867a5 h1:xQh13VnF8t2535FkG3u4n+d16CEvWCE1e49+6h5gT3s=
google.golang.org/genproto/googleapis/api v0.0.0-20240520151616-dc85e6b867a5/go.mod h1:S6jBqCgYf3030btt9oJ3xY50yRvD9QagG8s5Y1Yn/dM=
google.golang.org/genproto/googleapis/rpc v0.0.0-20240515191416-fc5f0ca64291 h1:yU1m+87747aWnL+e27yV+vRKtqI6u7QeC52qYXy2u4c=
google.golang.org/genproto/googleapis/rpc v0.0.0-20240515191416-fc5f0ca64291/go.mod h1:M+3w2Taqos0o7hGxJk1CjP/x2vYAAe8hFz5x0l22W+c=
google.golang.org/grpc v1.64.0 h1:G5mA6T4y69gQo3Pl1g9X/233QyS0Qk+6b6H+LwvdTDE=
google.golang.org/grpc v1.64.0/go.mod h1:s2L+l3g9J6QXR116n1b0Pj4kE+00s3n8V2O5+I5s1TM=
google.golang.org/protobuf v1.34.1 h1:P6TVIeJmBw5m4D+22vob5G4PEbkbqsXD4nJ/241Pz7w=
google.golang.org/protobuf v1.34.1/go.mod h1:54e+042SHI/z3LwI42s0vGCxPaYjFfs/Kx2KOFhmY2k=
